Microsoft Visual Studio Solution File, Format Version 12.00
# Visual Studio Version 17
VisualStudioVersion = 17.5.2.0
MinimumVisualStudioVersion = 10.0.40219.1
Project("{FAE04EC0-301F-11D3-BF4B-00C04F79EFBC}") = "MonoTemplate", "MonoTemplate.csproj", "{59C16C69-A7D9-2385-1EB0-D025E0E6DC93}"
EndProject
Global
	GlobalSection(SolutionConfigurationPlatforms) = preSolution
		Debug|Any CPU = Debug|Any CPU
		Release|Any CPU = Release|Any CPU
	EndGlobalSection
	GlobalSection(ProjectConfigurationPlatforms) = postSolution
		{59C16C69-A7D9-2385-1EB0-D025E0E6DC93}.Debug|Any CPU.ActiveCfg = Debug|Any CPU
		{59C16C69-A7D9-2385-1EB0-D025E0E6DC93}.Debug|Any CPU.Build.0 = Debug|Any CPU
		{59C16C69-A7D9-2385-1EB0-D025E0E6DC93}.Release|Any CPU.ActiveCfg = Release|Any CPU
		{59C16C69-A7D9-2385-1EB0-D025E0E6DC93}.Release|Any CPU.Build.0 = Release|Any CPU
	EndGlobalSection
	GlobalSection(SolutionProperties) = preSolution
		HideSolutionNode = FALSE
	EndGlobalSection
	GlobalSection(ExtensibilityGlobals) = postSolution
		SolutionGuid = {0DAD68A2-9450-42B5-9425-CF8F7857A322}
	EndGlobalSection
EndGlobal
